
Microsoft Visual Studio Solution File, Format Version 12.00
# Visual Studio Version 17
VisualStudioVersion = 17.11.35222.181
MinimumVisualStudioVersion = 10.0.40219.1
Project("{FAE04EC0-301F-11D3-BF4B-00C04F79EFBC}") = "CurdTodoList", "CurdTodoList\CurdTodoList.csproj", "{B3111500-E4A5-45BB-B0CE-B04DBB665FBE}"
EndProject
Global
	GlobalSection(SolutionConfigurationPlatforms) = preSolution
		Debug|Any CPU = Debug|Any CPU
		Release|Any CPU = Release|Any CPU
	EndGlobalSection
	GlobalSection(ProjectConfigurationPlatforms) = postSolution
		{B3111500-E4A5-45BB-B0CE-B04DBB665FBE}.Debug|Any CPU.ActiveCfg = Debug|Any CPU
		{B3111500-E4A5-45BB-B0CE-B04DBB665FBE}.Debug|Any CPU.Build.0 = Debug|Any CPU
		{B3111500-E4A5-45BB-B0CE-B04DBB665FBE}.Release|Any CPU.ActiveCfg = Release|Any CPU
		{B3111500-E4A5-45BB-B0CE-B04DBB665FBE}.Release|Any CPU.Build.0 = Release|Any CPU
	EndGlobalSection
	GlobalSection(SolutionProperties) = preSolution
		HideSolutionNode = FALSE
	EndGlobalSection
	GlobalSection(ExtensibilityGlobals) = postSolution
		SolutionGuid = {7A3EA42E-B9E0-4897-96BC-6BB7755AD94C}
	EndGlobalSection
EndGlobal
